
Microsoft Visual Studio Solution File, Format Version 12.00
# Visual Studio Version 17
VisualStudioVersion = 17.10.35027.167
MinimumVisualStudioVersion = 10.0.40219.1
Project("{2150E333-8FDC-42A3-9474-1A3956D46DE8}") = "Services", "Services", "{A7D9873D-BF37-4322-A8CC-9B7DC09EB6EF}"
EndProject
Project("{2150E333-8FDC-42A3-9474-1A3956D46DE8}") = "Catalog", "Catalog", "{18AFE498-1CF8-44D8-8BD2-57DA9017DAA0}"
EndProject
Project("{FAE04EC0-301F-11D3-BF4B-00C04F79EFBC}") = "Catalog.API", "Services\Catalog\Catalog.API\Catalog.API.csproj", "{0A4B1D38-FFA1-4778-9B0A-CAA5E4C58365}"
EndProject
Global
	GlobalSection(SolutionConfigurationPlatforms) = preSolution
		Debug|Any CPU = Debug|Any CPU
		Release|Any CPU = Release|Any CPU
	EndGlobalSection
	GlobalSection(ProjectConfigurationPlatforms) = postSolution
		{0A4B1D38-FFA1-4778-9B0A-CAA5E4C58365}.Debug|Any CPU.ActiveCfg = Debug|Any CPU
		{0A4B1D38-FFA1-4778-9B0A-CAA5E4C58365}.Debug|Any CPU.Build.0 = Debug|Any CPU
		{0A4B1D38-FFA1-4778-9B0A-CAA5E4C58365}.Release|Any CPU.ActiveCfg = Release|Any CPU
		{0A4B1D38-FFA1-4778-9B0A-CAA5E4C58365}.Release|Any CPU.Build.0 = Release|Any CPU
	EndGlobalSection
	GlobalSection(SolutionProperties) = preSolution
		HideSolutionNode = FALSE
	EndGlobalSection
	GlobalSection(NestedProjects) = preSolution
		{18AFE498-1CF8-44D8-8BD2-57DA9017DAA0} = {A7D9873D-BF37-4322-A8CC-9B7DC09EB6EF}
		{0A4B1D38-FFA1-4778-9B0A-CAA5E4C58365} = {18AFE498-1CF8-44D8-8BD2-57DA9017DAA0}
	EndGlobalSection
	GlobalSection(ExtensibilityGlobals) = postSolution
		SolutionGuid = {95F74072-96D5-4172-928E-F81FE950FAA3}
	EndGlobalSection
EndGlobal
